
Microsoft Visual Studio Solution File, Format Version 12.00
# Visual Studio 15
VisualStudioVersion = 15.0.28307.1022
MinimumVisualStudioVersion = 10.0.40219.1
Project("{FAE04EC0-301F-11D3-BF4B-00C04F79EFBC}") = "ASP.Net.Base.1.Shop", "ASP.Net.Base.1.Shop\ASP.Net.Base.1.Shop.csproj", "{918A8EF8-34EF-4284-97E5-AD2BFAFA8AE9}"
EndProject
Global
	GlobalSection(SolutionConfigurationPlatforms) = preSolution
		Debug|Any CPU = Debug|Any CPU
		Release|Any CPU = Release|Any CPU
	EndGlobalSection
	GlobalSection(ProjectConfigurationPlatforms) = postSolution
		{918A8EF8-34EF-4284-97E5-AD2BFAFA8AE9}.Debug|Any CPU.ActiveCfg = Debug|Any CPU
		{918A8EF8-34EF-4284-97E5-AD2BFAFA8AE9}.Debug|Any CPU.Build.0 = Debug|Any CPU
		{918A8EF8-34EF-4284-97E5-AD2BFAFA8AE9}.Release|Any CPU.ActiveCfg = Release|Any CPU
		{918A8EF8-34EF-4284-97E5-AD2BFAFA8AE9}.Release|Any CPU.Build.0 = Release|Any CPU
	EndGlobalSection
	GlobalSection(SolutionProperties) = preSolution
		HideSolutionNode = FALSE
	EndGlobalSection
	GlobalSection(ExtensibilityGlobals) = postSolution
		SolutionGuid = {4AC2D713-063D-4CE3-ABE5-BAECAD46429D}
	EndGlobalSection
EndGlobal
